<?xml version="1.0" encoding="utf-8"?>
<Project ToolsVersion="4.0" xmlns="http://schemas.microsoft.com/developer/msbuild/2003">
  <ItemGroup>
    <Filter Include="Source Files">
      <UniqueIdentifier>{4FC737F1-C7A5-4376-A066-2A32D752A2FF}</UniqueIdentifier>
      <Extensions>cpp;c;cc;cxx;def;odl;idl;hpj;bat;asm;asmx</Extensions>
    </Filter>
    <Filter Include="Header Files">
      <UniqueIdentifier>{93995380-89BD-4b04-88EB-625FBE52EBFB}</UniqueIdentifier>
      <Extensions>h;hpp;hxx;hm;inl;inc;xsd</Extensions>
    </Filter>
    <Filter Include="Resource Files">
      <UniqueIdentifier>{67DA6AB6-F800-4c08-8B7A-83BB121AAD01}</UniqueIdentifier>
      <Extensions>rc;ico;cur;bmp;dlg;rc2;rct;bin;rgs;gif;jpg;jpeg;jpe;resx;tiff;tif;png;wav</Extensions>
    </Filter>
  </ItemGroup>
  <ItemGroup>
    <ClCompile Include="ArecsDlg.cpp">
      <Filter>Source Files</Filter>
    </ClCompile>
    <ClCompile Include="Conf.cpp">
      <Filter>Source Files</Filter>
    </ClCompile>
    <ClCompile Include="curl_tools.cpp">
      <Filter>Source Files</Filter>
    </ClCompile>
    <ClCompile Include="DlgMX.cpp">
      <Filter>Source Files</Filter>
    </ClCompile>
    <ClCompile Include="DlgNS.cpp">
      <Filter>Source Files</Filter>
    </ClCompile>
    <ClCompile Include="DlgReport.cpp">
      <Filter>Source Files</Filter>
    </ClCompile>
    <ClCompile Include="DlgTLD.cpp">
      <Filter>Source Files</Filter>
    </ClCompile>
    <ClCompile Include="DlgWeb.cpp">
      <Filter>Source Files</Filter>
    </ClCompile>
    <ClCompile Include="DNS Tool.cpp">
      <Filter>Source Files</Filter>
    </ClCompile>
    <ClCompile Include="DNS ToolDlg.cpp">
      <Filter>Source Files</Filter>
    </ClCompile>
    <ClCompile Include="Serial.cpp">
      <Filter>Source Files</Filter>
    </ClCompile>
    <ClCompile Include="Shared.cpp">
      <Filter>Source Files</Filter>
    </ClCompile>
    <ClCompile Include="stdafx.cpp">
      <Filter>Source Files</Filter>
    </ClCompile>
  </ItemGroup>
  <ItemGroup>
    <ClInclude Include="ArecsDlg.h">
      <Filter>Header Files</Filter>
    </ClInclude>
    <ClInclude Include="Conf.h">
      <Filter>Header Files</Filter>
    </ClInclude>
    <ClInclude Include="curl_tools.h">
      <Filter>Header Files</Filter>
    </ClInclude>
    <ClInclude Include="DlgMX.h">
      <Filter>Header Files</Filter>
    </ClInclude>
    <ClInclude Include="DlgNS.h">
      <Filter>Header Files</Filter>
    </ClInclude>
    <ClInclude Include="DlgReport.h">
      <Filter>Header Files</Filter>
    </ClInclude>
    <ClInclude Include="DlgTLD.h">
      <Filter>Header Files</Filter>
    </ClInclude>
    <ClInclude Include="DlgWeb.h">
      <Filter>Header Files</Filter>
    </ClInclude>
    <ClInclude Include="DNS Tool.h">
      <Filter>Header Files</Filter>
    </ClInclude>
    <ClInclude Include="DNS ToolDlg.h">
      <Filter>Header Files</Filter>
    </ClInclude>
    <ClInclude Include="Resource.h">
      <Filter>Header Files</Filter>
    </ClInclude>
    <ClInclude Include="Serial.h">
      <Filter>Header Files</Filter>
    </ClInclude>
    <ClInclude Include="Shared.h">
      <Filter>Header Files</Filter>
    </ClInclude>
    <ClInclude Include="stdafx.h">
      <Filter>Header Files</Filter>
    </ClInclude>
    <ClInclude Include="targetver.h">
      <Filter>Header Files</Filter>
    </ClInclude>
  </ItemGroup>
  <ItemGroup>
    <None Include="res\bitmap1.bmp">
      <Filter>Resource Files</Filter>
    </None>
    <None Include="res\DNS Tool.ico">
      <Filter>Resource Files</Filter>
    </None>
    <None Include="res\DNSTool.rc2">
      <Filter>Resource Files</Filter>
    </None>
    <None Include="ReadMe.txt" />
    <None Include="res\bitmap2.bmp">
      <Filter>Resource Files</Filter>
    </None>
    <None Include="res\bitmap3.bmp">
      <Filter>Resource Files</Filter>
    </None>
    <None Include="res\InfoGuard_Logo.bmp">
      <Filter>Resource Files</Filter>
    </None>
  </ItemGroup>
  <ItemGroup>
    <ResourceCompile Include="DNS Tool.rc">
      <Filter>Resource Files</Filter>
    </ResourceCompile>
  </ItemGroup>
</Project>